
Microsoft Visual Studio Solution File, Format Version 12.00
# Visual Studio 15
VisualStudioVersion = 15.0.27428.2043
MinimumVisualStudioVersion = 10.0.40219.1
Project("{FAE04EC0-301F-11D3-BF4B-00C04F79EFBC}") = "CardReader", "CardReader\CardReader.csproj", "{3EF4460B-A1F5-4B8A-AA6C-88F901E66E45}"
EndProject
Global
	GlobalSection(SolutionConfigurationPlatforms) = preSolution
		Debug|Any CPU = Debug|Any CPU
		Release|Any CPU = Release|Any CPU
	EndGlobalSection
	GlobalSection(ProjectConfigurationPlatforms) = postSolution
		{3EF4460B-A1F5-4B8A-AA6C-88F901E66E45}.Debug|Any CPU.ActiveCfg = Debug|Any CPU
		{3EF4460B-A1F5-4B8A-AA6C-88F901E66E45}.Debug|Any CPU.Build.0 = Debug|Any CPU
		{3EF4460B-A1F5-4B8A-AA6C-88F901E66E45}.Release|Any CPU.ActiveCfg = Release|Any CPU
		{3EF4460B-A1F5-4B8A-AA6C-88F901E66E45}.Release|Any CPU.Build.0 = Release|Any CPU
	EndGlobalSection
	GlobalSection(SolutionProperties) = preSolution
		HideSolutionNode = FALSE
	EndGlobalSection
	GlobalSection(ExtensibilityGlobals) = postSolution
		SolutionGuid = {BF0327E6-A089-453F-9B12-F709288EFB23}
	EndGlobalSection
EndGlobal
